
Microsoft Visual Studio Solution File, Format Version 12.00
# Visual Studio 14
VisualStudioVersion = 14.0.25420.1
MinimumVisualStudioVersion = 10.0.40219.1
Project("{FAE04EC0-301F-11D3-BF4B-00C04F79EFBC}") = "DH", "DH\DH.csproj", "{8284013F-8D8A-4935-BADD-D0CD6A5B23F6}"
EndProject
Project("{FAE04EC0-301F-11D3-BF4B-00C04F79EFBC}") = "Accord.Math", "..\framework\Sources\Accord.Math\Accord.Math.csproj", "{F718E9A8-DB62-4785-8C49-4333A60D256A}"
EndProject
Project("{FAE04EC0-301F-11D3-BF4B-00C04F79EFBC}") = "Accord.Math.Core", "..\framework\Sources\Accord.Math.Core\Accord.Math.Core.csproj", "{ED3A336F-6DA2-4F34-87FE-1CCFFA029F8C}"
EndProject
Project("{FAE04EC0-301F-11D3-BF4B-00C04F79EFBC}") = "Accord.Core", "..\framework\Sources\Accord.Core\Accord.Core.csproj", "{A177A90C-8207-466A-AF70-F2B8452A42AC}"
EndProject
Project("{FAE04EC0-301F-11D3-BF4B-00C04F79EFBC}") = "Accord.Controls", "..\framework\Sources\Accord.Controls.Statistics\Accord.Controls.csproj", "{0AB27A20-925C-4556-9FA4-6E2C109E448E}"
EndProject
Project("{FAE04EC0-301F-11D3-BF4B-00C04F79EFBC}") = "Accord.MachineLearning", "..\framework\Sources\Accord.MachineLearning\Accord.MachineLearning.csproj", "{7AB4BBCC-6222-423D-9FF9-BA9CB7C09199}"
EndProject
Project("{FAE04EC0-301F-11D3-BF4B-00C04F79EFBC}") = "Accord.Statistics", "..\framework\Sources\Accord.Statistics\Accord.Statistics.csproj", "{FD8101DD-C95D-42D6-AD44-AE01C25F2811}"
EndProject
Project("{FAE04EC0-301F-11D3-BF4B-00C04F79EFBC}") = "wpfViewer", "wpfViewer\wpfViewer.csproj", "{AD805399-F760-4397-A029-5470371A0ED7}"
EndProject
Global
	GlobalSection(SolutionConfigurationPlatforms) = preSolution
		Ad-Hoc|Any CPU = Ad-Hoc|Any CPU
		Ad-Hoc|iPhone = Ad-Hoc|iPhone
		Ad-Hoc|iPhoneSimulator = Ad-Hoc|iPhoneSimulator
		AppStore|Any CPU = AppStore|Any CPU
		AppStore|iPhone = AppStore|iPhone
		AppStore|iPhoneSimulator = AppStore|iPhoneSimulator
		Debug|Any CPU = Debug|Any CPU
		Debug|iPhone = Debug|iPhone
		Debug|iPhoneSimulator = Debug|iPhoneSimulator
		NET35|Any CPU = NET35|Any CPU
		NET35|iPhone = NET35|iPhone
		NET35|iPhoneSimulator = NET35|iPhoneSimulator
		NET40|Any CPU = NET40|Any CPU
		NET40|iPhone = NET40|iPhone
		NET40|iPhoneSimulator = NET40|iPhoneSimulator
		NET45|Any CPU = NET45|Any CPU
		NET45|iPhone = NET45|iPhone
		NET45|iPhoneSimulator = NET45|iPhoneSimulator
		Release|Any CPU = Release|Any CPU
		Release|iPhone = Release|iPhone
		Release|iPhoneSimulator = Release|iPhoneSimulator
	EndGlobalSection
	GlobalSection(ProjectConfigurationPlatforms) = postSolution
		{8284013F-8D8A-4935-BADD-D0CD6A5B23F6}.Ad-Hoc|Any CPU.ActiveCfg = Release|Any CPU
		{8284013F-8D8A-4935-BADD-D0CD6A5B23F6}.Ad-Hoc|Any CPU.Build.0 = Release|Any CPU
		{8284013F-8D8A-4935-BADD-D0CD6A5B23F6}.Ad-Hoc|iPhone.ActiveCfg = Release|Any CPU
		{8284013F-8D8A-4935-BADD-D0CD6A5B23F6}.Ad-Hoc|iPhone.Build.0 = Release|Any CPU
		{8284013F-8D8A-4935-BADD-D0CD6A5B23F6}.Ad-Hoc|iPhoneSimulator.ActiveCfg = Release|Any CPU
		{8284013F-8D8A-4935-BADD-D0CD6A5B23F6}.Ad-Hoc|iPhoneSimulator.Build.0 = Release|Any CPU
		{8284013F-8D8A-4935-BADD-D0CD6A5B23F6}.AppStore|Any CPU.ActiveCfg = Release|Any CPU
		{8284013F-8D8A-4935-BADD-D0CD6A5B23F6}.AppStore|Any CPU.Build.0 = Release|Any CPU
		{8284013F-8D8A-4935-BADD-D0CD6A5B23F6}.AppStore|iPhone.ActiveCfg = Release|Any CPU
		{8284013F-8D8A-4935-BADD-D0CD6A5B23F6}.AppStore|iPhone.Build.0 = Release|Any CPU
		{8284013F-8D8A-4935-BADD-D0CD6A5B23F6}.AppStore|iPhoneSimulator.ActiveCfg = Release|Any CPU
		{8284013F-8D8A-4935-BADD-D0CD6A5B23F6}.AppStore|iPhoneSimulator.Build.0 = Release|Any CPU
		{8284013F-8D8A-4935-BADD-D0CD6A5B23F6}.Debug|Any CPU.ActiveCfg = Debug|Any CPU
		{8284013F-8D8A-4935-BADD-D0CD6A5B23F6}.Debug|Any CPU.Build.0 = Debug|Any CPU
		{8284013F-8D8A-4935-BADD-D0CD6A5B23F6}.Debug|iPhone.ActiveCfg = Debug|Any CPU
		{8284013F-8D8A-4935-BADD-D0CD6A5B23F6}.Debug|iPhone.Build.0 = Debug|Any CPU
		{8284013F-8D8A-4935-BADD-D0CD6A5B23F6}.Debug|iPhoneSimulator.ActiveCfg = Debug|Any CPU
		{8284013F-8D8A-4935-BADD-D0CD6A5B23F6}.Debug|iPhoneSimulator.Build.0 = Debug|Any CPU
		{8284013F-8D8A-4935-BADD-D0CD6A5B23F6}.NET35|Any CPU.ActiveCfg = Release|Any CPU
		{8284013F-8D8A-4935-BADD-D0CD6A5B23F6}.NET35|Any CPU.Build.0 = Release|Any CPU
		{8284013F-8D8A-4935-BADD-D0CD6A5B23F6}.NET35|iPhone.ActiveCfg = Release|Any CPU
		{8284013F-8D8A-4935-BADD-D0CD6A5B23F6}.NET35|iPhone.Build.0 = Release|Any CPU
		{8284013F-8D8A-4935-BADD-D0CD6A5B23F6}.NET35|iPhoneSimulator.ActiveCfg = Release|Any CPU
		{8284013F-8D8A-4935-BADD-D0CD6A5B23F6}.NET35|iPhoneSimulator.Build.0 = Release|Any CPU
		{8284013F-8D8A-4935-BADD-D0CD6A5B23F6}.NET40|Any CPU.ActiveCfg = Release|Any CPU
		{8284013F-8D8A-4935-BADD-D0CD6A5B23F6}.NET40|Any CPU.Build.0 = Release|Any CPU
		{8284013F-8D8A-4935-BADD-D0CD6A5B23F6}.NET40|iPhone.ActiveCfg = Release|Any CPU
		{8284013F-8D8A-4935-BADD-D0CD6A5B23F6}.NET40|iPhone.Build.0 = Release|Any CPU
		{8284013F-8D8A-4935-BADD-D0CD6A5B23F6}.NET40|iPhoneSimulator.ActiveCfg = Release|Any CPU
		{8284013F-8D8A-4935-BADD-D0CD6A5B23F6}.NET40|iPhoneSimulator.Build.0 = Release|Any CPU
		{8284013F-8D8A-4935-BADD-D0CD6A5B23F6}.NET45|Any CPU.ActiveCfg = Release|Any CPU
		{8284013F-8D8A-4935-BADD-D0CD6A5B23F6}.NET45|Any CPU.Build.0 = Release|Any CPU
		{8284013F-8D8A-4935-BADD-D0CD6A5B23F6}.NET45|iPhone.ActiveCfg = Release|Any CPU
		{8284013F-8D8A-4935-BADD-D0CD6A5B23F6}.NET45|iPhone.Build.0 = Release|Any CPU
		{8284013F-8D8A-4935-BADD-D0CD6A5B23F6}.NET45|iPhoneSimulator.ActiveCfg = Release|Any CPU
		{8284013F-8D8A-4935-BADD-D0CD6A5B23F6}.NET45|iPhoneSimulator.Build.0 = Release|Any CPU
		{8284013F-8D8A-4935-BADD-D0CD6A5B23F6}.Release|Any CPU.ActiveCfg = Release|Any CPU
		{8284013F-8D8A-4935-BADD-D0CD6A5B23F6}.Release|Any CPU.Build.0 = Release|Any CPU
		{8284013F-8D8A-4935-BADD-D0CD6A5B23F6}.Release|iPhone.ActiveCfg = Release|Any CPU
		{8284013F-8D8A-4935-BADD-D0CD6A5B23F6}.Release|iPhone.Build.0 = Release|Any CPU
		{8284013F-8D8A-4935-BADD-D0CD6A5B23F6}.Release|iPhoneSimulator.ActiveCfg = Release|Any CPU
		{8284013F-8D8A-4935-BADD-D0CD6A5B23F6}.Release|iPhoneSimulator.Build.0 = Release|Any CPU
		{F718E9A8-DB62-4785-8C49-4333A60D256A}.Ad-Hoc|Any CPU.ActiveCfg = NET45|Any CPU
		{F718E9A8-DB62-4785-8C49-4333A60D256A}.Ad-Hoc|Any CPU.Build.0 = NET45|Any CPU
		{F718E9A8-DB62-4785-8C49-4333A60D256A}.Ad-Hoc|iPhone.ActiveCfg = NET45|Any CPU
		{F718E9A8-DB62-4785-8C49-4333A60D256A}.Ad-Hoc|iPhone.Build.0 = NET45|Any CPU
		{F718E9A8-DB62-4785-8C49-4333A60D256A}.Ad-Hoc|iPhoneSimulator.ActiveCfg = NET45|Any CPU
		{F718E9A8-DB62-4785-8C49-4333A60D256A}.Ad-Hoc|iPhoneSimulator.Build.0 = NET45|Any CPU
		{F718E9A8-DB62-4785-8C49-4333A60D256A}.AppStore|Any CPU.ActiveCfg = NET45|Any CPU
		{F718E9A8-DB62-4785-8C49-4333A60D256A}.AppStore|Any CPU.Build.0 = NET45|Any CPU
		{F718E9A8-DB62-4785-8C49-4333A60D256A}.AppStore|iPhone.ActiveCfg = NET45|Any CPU
		{F718E9A8-DB62-4785-8C49-4333A60D256A}.AppStore|iPhone.Build.0 = NET45|Any CPU
		{F718E9A8-DB62-4785-8C49-4333A60D256A}.AppStore|iPhoneSimulator.ActiveCfg = NET45|Any CPU
		{F718E9A8-DB62-4785-8C49-4333A60D256A}.AppStore|iPhoneSimulator.Build.0 = NET45|Any CPU
		{F718E9A8-DB62-4785-8C49-4333A60D256A}.Debug|Any CPU.ActiveCfg = Debug|Any CPU
		{F718E9A8-DB62-4785-8C49-4333A60D256A}.Debug|Any CPU.Build.0 = Debug|Any CPU
		{F718E9A8-DB62-4785-8C49-4333A60D256A}.Debug|iPhone.ActiveCfg = Debug|Any CPU
		{F718E9A8-DB62-4785-8C49-4333A60D256A}.Debug|iPhone.Build.0 = Debug|Any CPU
		{F718E9A8-DB62-4785-8C49-4333A60D256A}.Debug|iPhoneSimulator.ActiveCfg = Debug|Any CPU
		{F718E9A8-DB62-4785-8C49-4333A60D256A}.Debug|iPhoneSimulator.Build.0 = Debug|Any CPU
		{F718E9A8-DB62-4785-8C49-4333A60D256A}.NET35|Any CPU.ActiveCfg = NET35|Any CPU
		{F718E9A8-DB62-4785-8C49-4333A60D256A}.NET35|Any CPU.Build.0 = NET35|Any CPU
		{F718E9A8-DB62-4785-8C49-4333A60D256A}.NET35|iPhone.ActiveCfg = NET35|Any CPU
		{F718E9A8-DB62-4785-8C49-4333A60D256A}.NET35|iPhone.Build.0 = NET35|Any CPU
		{F718E9A8-DB62-4785-8C49-4333A60D256A}.NET35|iPhoneSimulator.ActiveCfg = NET35|Any CPU
		{F718E9A8-DB62-4785-8C49-4333A60D256A}.NET35|iPhoneSimulator.Build.0 = NET35|Any CPU
		{F718E9A8-DB62-4785-8C49-4333A60D256A}.NET40|Any CPU.ActiveCfg = NET40|Any CPU
		{F718E9A8-DB62-4785-8C49-4333A60D256A}.NET40|Any CPU.Build.0 = NET40|Any CPU
		{F718E9A8-DB62-4785-8C49-4333A60D256A}.NET40|iPhone.ActiveCfg = NET40|Any CPU
		{F718E9A8-DB62-4785-8C49-4333A60D256A}.NET40|iPhone.Build.0 = NET40|Any CPU
		{F718E9A8-DB62-4785-8C49-4333A60D256A}.NET40|iPhoneSimulator.ActiveCfg = NET40|Any CPU
		{F718E9A8-DB62-4785-8C49-4333A60D256A}.NET40|iPhoneSimulator.Build.0 = NET40|Any CPU
		{F718E9A8-DB62-4785-8C49-4333A60D256A}.NET45|Any CPU.ActiveCfg = NET45|Any CPU
		{F718E9A8-DB62-4785-8C49-4333A60D256A}.NET45|Any CPU.Build.0 = NET45|Any CPU
		{F718E9A8-DB62-4785-8C49-4333A60D256A}.NET45|iPhone.ActiveCfg = NET45|Any CPU
		{F718E9A8-DB62-4785-8C49-4333A60D256A}.NET45|iPhone.Build.0 = NET45|Any CPU
		{F718E9A8-DB62-4785-8C49-4333A60D256A}.NET45|iPhoneSimulator.ActiveCfg = NET45|Any CPU
		{F718E9A8-DB62-4785-8C49-4333A60D256A}.NET45|iPhoneSimulator.Build.0 = NET45|Any CPU
		{F718E9A8-DB62-4785-8C49-4333A60D256A}.Release|Any CPU.ActiveCfg = NET45|Any CPU
		{F718E9A8-DB62-4785-8C49-4333A60D256A}.Release|Any CPU.Build.0 = NET45|Any CPU
		{F718E9A8-DB62-4785-8C49-4333A60D256A}.Release|iPhone.ActiveCfg = NET45|Any CPU
		{F718E9A8-DB62-4785-8C49-4333A60D256A}.Release|iPhone.Build.0 = NET45|Any CPU
		{F718E9A8-DB62-4785-8C49-4333A60D256A}.Release|iPhoneSimulator.ActiveCfg = NET45|Any CPU
		{F718E9A8-DB62-4785-8C49-4333A60D256A}.Release|iPhoneSimulator.Build.0 = NET45|Any CPU
		{ED3A336F-6DA2-4F34-87FE-1CCFFA029F8C}.Ad-Hoc|Any CPU.ActiveCfg = NET45|Any CPU
		{ED3A336F-6DA2-4F34-87FE-1CCFFA029F8C}.Ad-Hoc|iPhone.ActiveCfg = NET45|Any CPU
		{ED3A336F-6DA2-4F34-87FE-1CCFFA029F8C}.Ad-Hoc|iPhoneSimulator.ActiveCfg = NET45|Any CPU
		{ED3A336F-6DA2-4F34-87FE-1CCFFA029F8C}.AppStore|Any CPU.ActiveCfg = NET45|Any CPU
		{ED3A336F-6DA2-4F34-87FE-1CCFFA029F8C}.AppStore|iPhone.ActiveCfg = NET45|Any CPU
		{ED3A336F-6DA2-4F34-87FE-1CCFFA029F8C}.AppStore|iPhoneSimulator.ActiveCfg = NET45|Any CPU
		{ED3A336F-6DA2-4F34-87FE-1CCFFA029F8C}.Debug|Any CPU.ActiveCfg = Debug|Any CPU
		{ED3A336F-6DA2-4F34-87FE-1CCFFA029F8C}.Debug|Any CPU.Build.0 = Debug|Any CPU
		{ED3A336F-6DA2-4F34-87FE-1CCFFA029F8C}.Debug|iPhone.ActiveCfg = Debug|Any CPU
		{ED3A336F-6DA2-4F34-87FE-1CCFFA029F8C}.Debug|iPhoneSimulator.ActiveCfg = Debug|Any CPU
		{ED3A336F-6DA2-4F34-87FE-1CCFFA029F8C}.NET35|Any CPU.ActiveCfg = NET35|Any CPU
		{ED3A336F-6DA2-4F34-87FE-1CCFFA029F8C}.NET35|Any CPU.Build.0 = NET35|Any CPU
		{ED3A336F-6DA2-4F34-87FE-1CCFFA029F8C}.NET35|iPhone.ActiveCfg = NET35|Any CPU
		{ED3A336F-6DA2-4F34-87FE-1CCFFA029F8C}.NET35|iPhoneSimulator.ActiveCfg = NET35|Any CPU
		{ED3A336F-6DA2-4F34-87FE-1CCFFA029F8C}.NET40|Any CPU.ActiveCfg = NET40|Any CPU
		{ED3A336F-6DA2-4F34-87FE-1CCFFA029F8C}.NET40|Any CPU.Build.0 = NET40|Any CPU
		{ED3A336F-6DA2-4F34-87FE-1CCFFA029F8C}.NET40|iPhone.ActiveCfg = NET40|Any CPU
		{ED3A336F-6DA2-4F34-87FE-1CCFFA029F8C}.NET40|iPhoneSimulator.ActiveCfg = NET40|Any CPU
		{ED3A336F-6DA2-4F34-87FE-1CCFFA029F8C}.NET45|Any CPU.ActiveCfg = NET45|Any CPU
		{ED3A336F-6DA2-4F34-87FE-1CCFFA029F8C}.NET45|Any CPU.Build.0 = NET45|Any CPU
		{ED3A336F-6DA2-4F34-87FE-1CCFFA029F8C}.NET45|iPhone.ActiveCfg = NET45|Any CPU
		{ED3A336F-6DA2-4F34-87FE-1CCFFA029F8C}.NET45|iPhoneSimulator.ActiveCfg = NET45|Any CPU
		{ED3A336F-6DA2-4F34-87FE-1CCFFA029F8C}.Release|Any CPU.ActiveCfg = NET45|Any CPU
		{ED3A336F-6DA2-4F34-87FE-1CCFFA029F8C}.Release|Any CPU.Build.0 = NET45|Any CPU
		{ED3A336F-6DA2-4F34-87FE-1CCFFA029F8C}.Release|iPhone.ActiveCfg = NET45|Any CPU
		{ED3A336F-6DA2-4F34-87FE-1CCFFA029F8C}.Release|iPhoneSimulator.ActiveCfg = NET45|Any CPU
		{A177A90C-8207-466A-AF70-F2B8452A42AC}.Ad-Hoc|Any CPU.ActiveCfg = NET45|Any CPU
		{A177A90C-8207-466A-AF70-F2B8452A42AC}.Ad-Hoc|Any CPU.Build.0 = NET45|Any CPU
		{A177A90C-8207-466A-AF70-F2B8452A42AC}.Ad-Hoc|iPhone.ActiveCfg = NET45|Any CPU
		{A177A90C-8207-466A-AF70-F2B8452A42AC}.Ad-Hoc|iPhone.Build.0 = NET45|Any CPU
		{A177A90C-8207-466A-AF70-F2B8452A42AC}.Ad-Hoc|iPhoneSimulator.ActiveCfg = NET45|Any CPU
		{A177A90C-8207-466A-AF70-F2B8452A42AC}.Ad-Hoc|iPhoneSimulator.Build.0 = NET45|Any CPU
		{A177A90C-8207-466A-AF70-F2B8452A42AC}.AppStore|Any CPU.ActiveCfg = NET45|Any CPU
		{A177A90C-8207-466A-AF70-F2B8452A42AC}.AppStore|Any CPU.Build.0 = NET45|Any CPU
		{A177A90C-8207-466A-AF70-F2B8452A42AC}.AppStore|iPhone.ActiveCfg = NET45|Any CPU
		{A177A90C-8207-466A-AF70-F2B8452A42AC}.AppStore|iPhone.Build.0 = NET45|Any CPU
		{A177A90C-8207-466A-AF70-F2B8452A42AC}.AppStore|iPhoneSimulator.ActiveCfg = NET45|Any CPU
		{A177A90C-8207-466A-AF70-F2B8452A42AC}.AppStore|iPhoneSimulator.Build.0 = NET45|Any CPU
		{A177A90C-8207-466A-AF70-F2B8452A42AC}.Debug|Any CPU.ActiveCfg = Debug|Any CPU
		{A177A90C-8207-466A-AF70-F2B8452A42AC}.Debug|Any CPU.Build.0 = Debug|Any CPU
		{A177A90C-8207-466A-AF70-F2B8452A42AC}.Debug|iPhone.ActiveCfg = Debug|Any CPU
		{A177A90C-8207-466A-AF70-F2B8452A42AC}.Debug|iPhone.Build.0 = Debug|Any CPU
		{A177A90C-8207-466A-AF70-F2B8452A42AC}.Debug|iPhoneSimulator.ActiveCfg = Debug|Any CPU
		{A177A90C-8207-466A-AF70-F2B8452A42AC}.Debug|iPhoneSimulator.Build.0 = Debug|Any CPU
		{A177A90C-8207-466A-AF70-F2B8452A42AC}.NET35|Any CPU.ActiveCfg = NET35|Any CPU
		{A177A90C-8207-466A-AF70-F2B8452A42AC}.NET35|Any CPU.Build.0 = NET35|Any CPU
		{A177A90C-8207-466A-AF70-F2B8452A42AC}.NET35|iPhone.ActiveCfg = NET35|Any CPU
		{A177A90C-8207-466A-AF70-F2B8452A42AC}.NET35|iPhone.Build.0 = NET35|Any CPU
		{A177A90C-8207-466A-AF70-F2B8452A42AC}.NET35|iPhoneSimulator.ActiveCfg = NET35|Any CPU
		{A177A90C-8207-466A-AF70-F2B8452A42AC}.NET35|iPhoneSimulator.Build.0 = NET35|Any CPU
		{A177A90C-8207-466A-AF70-F2B8452A42AC}.NET40|Any CPU.ActiveCfg = NET40|Any CPU
		{A177A90C-8207-466A-AF70-F2B8452A42AC}.NET40|Any CPU.Build.0 = NET40|Any CPU
		{A177A90C-8207-466A-AF70-F2B8452A42AC}.NET40|iPhone.ActiveCfg = NET40|Any CPU
		{A177A90C-8207-466A-AF70-F2B8452A42AC}.NET40|iPhone.Build.0 = NET40|Any CPU
		{A177A90C-8207-466A-AF70-F2B8452A42AC}.NET40|iPhoneSimulator.ActiveCfg = NET40|Any CPU
		{A177A90C-8207-466A-AF70-F2B8452A42AC}.NET40|iPhoneSimulator.Build.0 = NET40|Any CPU
		{A177A90C-8207-466A-AF70-F2B8452A42AC}.NET45|Any CPU.ActiveCfg = NET45|Any CPU
		{A177A90C-8207-466A-AF70-F2B8452A42AC}.NET45|Any CPU.Build.0 = NET45|Any CPU
		{A177A90C-8207-466A-AF70-F2B8452A42AC}.NET45|iPhone.ActiveCfg = NET45|Any CPU
		{A177A90C-8207-466A-AF70-F2B8452A42AC}.NET45|iPhone.Build.0 = NET45|Any CPU
		{A177A90C-8207-466A-AF70-F2B8452A42AC}.NET45|iPhoneSimulator.ActiveCfg = NET45|Any CPU
		{A177A90C-8207-466A-AF70-F2B8452A42AC}.NET45|iPhoneSimulator.Build.0 = NET45|Any CPU
		{A177A90C-8207-466A-AF70-F2B8452A42AC}.Release|Any CPU.ActiveCfg = NET45|Any CPU
		{A177A90C-8207-466A-AF70-F2B8452A42AC}.Release|Any CPU.Build.0 = NET45|Any CPU
		{A177A90C-8207-466A-AF70-F2B8452A42AC}.Release|iPhone.ActiveCfg = NET45|Any CPU
		{A177A90C-8207-466A-AF70-F2B8452A42AC}.Release|iPhone.Build.0 = NET45|Any CPU
		{A177A90C-8207-466A-AF70-F2B8452A42AC}.Release|iPhoneSimulator.ActiveCfg = NET45|Any CPU
		{A177A90C-8207-466A-AF70-F2B8452A42AC}.Release|iPhoneSimulator.Build.0 = NET45|Any CPU
		{0AB27A20-925C-4556-9FA4-6E2C109E448E}.Ad-Hoc|Any CPU.ActiveCfg = NET45|Any CPU
		{0AB27A20-925C-4556-9FA4-6E2C109E448E}.Ad-Hoc|iPhone.ActiveCfg = NET45|Any CPU
		{0AB27A20-925C-4556-9FA4-6E2C109E448E}.Ad-Hoc|iPhoneSimulator.ActiveCfg = NET45|Any CPU
		{0AB27A20-925C-4556-9FA4-6E2C109E448E}.AppStore|Any CPU.ActiveCfg = NET45|Any CPU
		{0AB27A20-925C-4556-9FA4-6E2C109E448E}.AppStore|iPhone.ActiveCfg = NET45|Any CPU
		{0AB27A20-925C-4556-9FA4-6E2C109E448E}.AppStore|iPhoneSimulator.ActiveCfg = NET45|Any CPU
		{0AB27A20-925C-4556-9FA4-6E2C109E448E}.Debug|Any CPU.ActiveCfg = Debug|Any CPU
		{0AB27A20-925C-4556-9FA4-6E2C109E448E}.Debug|Any CPU.Build.0 = Debug|Any CPU
		{0AB27A20-925C-4556-9FA4-6E2C109E448E}.Debug|iPhone.ActiveCfg = Debug|Any CPU
		{0AB27A20-925C-4556-9FA4-6E2C109E448E}.Debug|iPhoneSimulator.ActiveCfg = Debug|Any CPU
		{0AB27A20-925C-4556-9FA4-6E2C109E448E}.NET35|Any CPU.ActiveCfg = NET35|Any CPU
		{0AB27A20-925C-4556-9FA4-6E2C109E448E}.NET35|Any CPU.Build.0 = NET35|Any CPU
		{0AB27A20-925C-4556-9FA4-6E2C109E448E}.NET35|iPhone.ActiveCfg = NET35|Any CPU
		{0AB27A20-925C-4556-9FA4-6E2C109E448E}.NET35|iPhoneSimulator.ActiveCfg = NET35|Any CPU
		{0AB27A20-925C-4556-9FA4-6E2C109E448E}.NET40|Any CPU.ActiveCfg = NET40|Any CPU
		{0AB27A20-925C-4556-9FA4-6E2C109E448E}.NET40|Any CPU.Build.0 = NET40|Any CPU
		{0AB27A20-925C-4556-9FA4-6E2C109E448E}.NET40|iPhone.ActiveCfg = NET40|Any CPU
		{0AB27A20-925C-4556-9FA4-6E2C109E448E}.NET40|iPhoneSimulator.ActiveCfg = NET40|Any CPU
		{0AB27A20-925C-4556-9FA4-6E2C109E448E}.NET45|Any CPU.ActiveCfg = NET45|Any CPU
		{0AB27A20-925C-4556-9FA4-6E2C109E448E}.NET45|Any CPU.Build.0 = NET45|Any CPU
		{0AB27A20-925C-4556-9FA4-6E2C109E448E}.NET45|iPhone.ActiveCfg = NET45|Any CPU
		{0AB27A20-925C-4556-9FA4-6E2C109E448E}.NET45|iPhoneSimulator.ActiveCfg = NET45|Any CPU
		{0AB27A20-925C-4556-9FA4-6E2C109E448E}.Release|Any CPU.ActiveCfg = NET45|Any CPU
		{0AB27A20-925C-4556-9FA4-6E2C109E448E}.Release|Any CPU.Build.0 = NET45|Any CPU
		{0AB27A20-925C-4556-9FA4-6E2C109E448E}.Release|iPhone.ActiveCfg = NET45|Any CPU
		{0AB27A20-925C-4556-9FA4-6E2C109E448E}.Release|iPhoneSimulator.ActiveCfg = NET45|Any CPU
		{7AB4BBCC-6222-423D-9FF9-BA9CB7C09199}.Ad-Hoc|Any CPU.ActiveCfg = NET45|Any CPU
		{7AB4BBCC-6222-423D-9FF9-BA9CB7C09199}.Ad-Hoc|iPhone.ActiveCfg = NET45|Any CPU
		{7AB4BBCC-6222-423D-9FF9-BA9CB7C09199}.Ad-Hoc|iPhoneSimulator.ActiveCfg = NET45|Any CPU
		{7AB4BBCC-6222-423D-9FF9-BA9CB7C09199}.AppStore|Any CPU.ActiveCfg = NET45|Any CPU
		{7AB4BBCC-6222-423D-9FF9-BA9CB7C09199}.AppStore|iPhone.ActiveCfg = NET45|Any CPU
		{7AB4BBCC-6222-423D-9FF9-BA9CB7C09199}.AppStore|iPhoneSimulator.ActiveCfg = NET45|Any CPU
		{7AB4BBCC-6222-423D-9FF9-BA9CB7C09199}.Debug|Any CPU.ActiveCfg = Debug|Any CPU
		{7AB4BBCC-6222-423D-9FF9-BA9CB7C09199}.Debug|Any CPU.Build.0 = Debug|Any CPU
		{7AB4BBCC-6222-423D-9FF9-BA9CB7C09199}.Debug|iPhone.ActiveCfg = Debug|Any CPU
		{7AB4BBCC-6222-423D-9FF9-BA9CB7C09199}.Debug|iPhoneSimulator.ActiveCfg = Debug|Any CPU
		{7AB4BBCC-6222-423D-9FF9-BA9CB7C09199}.NET35|Any CPU.ActiveCfg = NET35|Any CPU
		{7AB4BBCC-6222-423D-9FF9-BA9CB7C09199}.NET35|Any CPU.Build.0 = NET35|Any CPU
		{7AB4BBCC-6222-423D-9FF9-BA9CB7C09199}.NET35|iPhone.ActiveCfg = NET35|Any CPU
		{7AB4BBCC-6222-423D-9FF9-BA9CB7C09199}.NET35|iPhoneSimulator.ActiveCfg = NET35|Any CPU
		{7AB4BBCC-6222-423D-9FF9-BA9CB7C09199}.NET40|Any CPU.ActiveCfg = NET40|Any CPU
		{7AB4BBCC-6222-423D-9FF9-BA9CB7C09199}.NET40|Any CPU.Build.0 = NET40|Any CPU
		{7AB4BBCC-6222-423D-9FF9-BA9CB7C09199}.NET40|iPhone.ActiveCfg = NET40|Any CPU
		{7AB4BBCC-6222-423D-9FF9-BA9CB7C09199}.NET40|iPhoneSimulator.ActiveCfg = NET40|Any CPU
		{7AB4BBCC-6222-423D-9FF9-BA9CB7C09199}.NET45|Any CPU.ActiveCfg = NET45|Any CPU
		{7AB4BBCC-6222-423D-9FF9-BA9CB7C09199}.NET45|Any CPU.Build.0 = NET45|Any CPU
		{7AB4BBCC-6222-423D-9FF9-BA9CB7C09199}.NET45|iPhone.ActiveCfg = NET45|Any CPU
		{7AB4BBCC-6222-423D-9FF9-BA9CB7C09199}.NET45|iPhoneSimulator.ActiveCfg = NET45|Any CPU
		{7AB4BBCC-6222-423D-9FF9-BA9CB7C09199}.Release|Any CPU.ActiveCfg = NET45|Any CPU
		{7AB4BBCC-6222-423D-9FF9-BA9CB7C09199}.Release|Any CPU.Build.0 = NET45|Any CPU
		{7AB4BBCC-6222-423D-9FF9-BA9CB7C09199}.Release|iPhone.ActiveCfg = NET45|Any CPU
		{7AB4BBCC-6222-423D-9FF9-BA9CB7C09199}.Release|iPhoneSimulator.ActiveCfg = NET45|Any CPU
		{FD8101DD-C95D-42D6-AD44-AE01C25F2811}.Ad-Hoc|Any CPU.ActiveCfg = NET45|Any CPU
		{FD8101DD-C95D-42D6-AD44-AE01C25F2811}.Ad-Hoc|iPhone.ActiveCfg = NET45|Any CPU
		{FD8101DD-C95D-42D6-AD44-AE01C25F2811}.Ad-Hoc|iPhoneSimulator.ActiveCfg = NET45|Any CPU
		{FD8101DD-C95D-42D6-AD44-AE01C25F2811}.AppStore|Any CPU.ActiveCfg = NET45|Any CPU
		{FD8101DD-C95D-42D6-AD44-AE01C25F2811}.AppStore|iPhone.ActiveCfg = NET45|Any CPU
		{FD8101DD-C95D-42D6-AD44-AE01C25F2811}.AppStore|iPhoneSimulator.ActiveCfg = NET45|Any CPU
		{FD8101DD-C95D-42D6-AD44-AE01C25F2811}.Debug|Any CPU.ActiveCfg = Debug|Any CPU
		{FD8101DD-C95D-42D6-AD44-AE01C25F2811}.Debug|iPhone.ActiveCfg = Debug|Any CPU
		{FD8101DD-C95D-42D6-AD44-AE01C25F2811}.Debug|iPhoneSimulator.ActiveCfg = Debug|Any CPU
		{FD8101DD-C95D-42D6-AD44-AE01C25F2811}.NET35|Any CPU.ActiveCfg = NET35|Any CPU
		{FD8101DD-C95D-42D6-AD44-AE01C25F2811}.NET35|Any CPU.Build.0 = NET35|Any CPU
		{FD8101DD-C95D-42D6-AD44-AE01C25F2811}.NET35|iPhone.ActiveCfg = NET35|Any CPU
		{FD8101DD-C95D-42D6-AD44-AE01C25F2811}.NET35|iPhoneSimulator.ActiveCfg = NET35|Any CPU
		{FD8101DD-C95D-42D6-AD44-AE01C25F2811}.NET40|Any CPU.ActiveCfg = NET40|Any CPU
		{FD8101DD-C95D-42D6-AD44-AE01C25F2811}.NET40|Any CPU.Build.0 = NET40|Any CPU
		{FD8101DD-C95D-42D6-AD44-AE01C25F2811}.NET40|iPhone.ActiveCfg = NET40|Any CPU
		{FD8101DD-C95D-42D6-AD44-AE01C25F2811}.NET40|iPhoneSimulator.ActiveCfg = NET40|Any CPU
		{FD8101DD-C95D-42D6-AD44-AE01C25F2811}.NET45|Any CPU.ActiveCfg = NET45|Any CPU
		{FD8101DD-C95D-42D6-AD44-AE01C25F2811}.NET45|Any CPU.Build.0 = NET45|Any CPU
		{FD8101DD-C95D-42D6-AD44-AE01C25F2811}.NET45|iPhone.ActiveCfg = NET45|Any CPU
		{FD8101DD-C95D-42D6-AD44-AE01C25F2811}.NET45|iPhoneSimulator.ActiveCfg = NET45|Any CPU
		{FD8101DD-C95D-42D6-AD44-AE01C25F2811}.Release|Any CPU.ActiveCfg = NET45|Any CPU
		{FD8101DD-C95D-42D6-AD44-AE01C25F2811}.Release|Any CPU.Build.0 = NET45|Any CPU
		{FD8101DD-C95D-42D6-AD44-AE01C25F2811}.Release|iPhone.ActiveCfg = NET45|Any CPU
		{FD8101DD-C95D-42D6-AD44-AE01C25F2811}.Release|iPhoneSimulator.ActiveCfg = NET45|Any CPU
		{AD805399-F760-4397-A029-5470371A0ED7}.Ad-Hoc|Any CPU.ActiveCfg = Release|Any CPU
		{AD805399-F760-4397-A029-5470371A0ED7}.Ad-Hoc|Any CPU.Build.0 = Release|Any CPU
		{AD805399-F760-4397-A029-5470371A0ED7}.Ad-Hoc|iPhone.ActiveCfg = Release|Any CPU
		{AD805399-F760-4397-A029-5470371A0ED7}.Ad-Hoc|iPhone.Build.0 = Release|Any CPU
		{AD805399-F760-4397-A029-5470371A0ED7}.Ad-Hoc|iPhoneSimulator.ActiveCfg = Release|Any CPU
		{AD805399-F760-4397-A029-5470371A0ED7}.Ad-Hoc|iPhoneSimulator.Build.0 = Release|Any CPU
		{AD805399-F760-4397-A029-5470371A0ED7}.AppStore|Any CPU.ActiveCfg = Release|Any CPU
		{AD805399-F760-4397-A029-5470371A0ED7}.AppStore|Any CPU.Build.0 = Release|Any CPU
		{AD805399-F760-4397-A029-5470371A0ED7}.AppStore|iPhone.ActiveCfg = Release|Any CPU
		{AD805399-F760-4397-A029-5470371A0ED7}.AppStore|iPhone.Build.0 = Release|Any CPU
		{AD805399-F760-4397-A029-5470371A0ED7}.AppStore|iPhoneSimulator.ActiveCfg = Release|Any CPU
		{AD805399-F760-4397-A029-5470371A0ED7}.AppStore|iPhoneSimulator.Build.0 = Release|Any CPU
		{AD805399-F760-4397-A029-5470371A0ED7}.Debug|Any CPU.ActiveCfg = Debug|Any CPU
		{AD805399-F760-4397-A029-5470371A0ED7}.Debug|Any CPU.Build.0 = Debug|Any CPU
		{AD805399-F760-4397-A029-5470371A0ED7}.Debug|iPhone.ActiveCfg = Debug|Any CPU
		{AD805399-F760-4397-A029-5470371A0ED7}.Debug|iPhone.Build.0 = Debug|Any CPU
		{AD805399-F760-4397-A029-5470371A0ED7}.Debug|iPhoneSimulator.ActiveCfg = Debug|Any CPU
		{AD805399-F760-4397-A029-5470371A0ED7}.Debug|iPhoneSimulator.Build.0 = Debug|Any CPU
		{AD805399-F760-4397-A029-5470371A0ED7}.NET35|Any CPU.ActiveCfg = Release|Any CPU
		{AD805399-F760-4397-A029-5470371A0ED7}.NET35|Any CPU.Build.0 = Release|Any CPU
		{AD805399-F760-4397-A029-5470371A0ED7}.NET35|iPhone.ActiveCfg = Release|Any CPU
		{AD805399-F760-4397-A029-5470371A0ED7}.NET35|iPhone.Build.0 = Release|Any CPU
		{AD805399-F760-4397-A029-5470371A0ED7}.NET35|iPhoneSimulator.ActiveCfg = Release|Any CPU
		{AD805399-F760-4397-A029-5470371A0ED7}.NET35|iPhoneSimulator.Build.0 = Release|Any CPU
		{AD805399-F760-4397-A029-5470371A0ED7}.NET40|Any CPU.ActiveCfg = Release|Any CPU
		{AD805399-F760-4397-A029-5470371A0ED7}.NET40|Any CPU.Build.0 = Release|Any CPU
		{AD805399-F760-4397-A029-5470371A0ED7}.NET40|iPhone.ActiveCfg = Release|Any CPU
		{AD805399-F760-4397-A029-5470371A0ED7}.NET40|iPhone.Build.0 = Release|Any CPU
		{AD805399-F760-4397-A029-5470371A0ED7}.NET40|iPhoneSimulator.ActiveCfg = Release|Any CPU
		{AD805399-F760-4397-A029-5470371A0ED7}.NET40|iPhoneSimulator.Build.0 = Release|Any CPU
		{AD805399-F760-4397-A029-5470371A0ED7}.NET45|Any CPU.ActiveCfg = Release|Any CPU
		{AD805399-F760-4397-A029-5470371A0ED7}.NET45|Any CPU.Build.0 = Release|Any CPU
		{AD805399-F760-4397-A029-5470371A0ED7}.NET45|iPhone.ActiveCfg = Release|Any CPU
		{AD805399-F760-4397-A029-5470371A0ED7}.NET45|iPhone.Build.0 = Release|Any CPU
		{AD805399-F760-4397-A029-5470371A0ED7}.NET45|iPhoneSimulator.ActiveCfg = Release|Any CPU
		{AD805399-F760-4397-A029-5470371A0ED7}.NET45|iPhoneSimulator.Build.0 = Release|Any CPU
		{AD805399-F760-4397-A029-5470371A0ED7}.Release|Any CPU.ActiveCfg = Release|Any CPU
		{AD805399-F760-4397-A029-5470371A0ED7}.Release|Any CPU.Build.0 = Release|Any CPU
		{AD805399-F760-4397-A029-5470371A0ED7}.Release|iPhone.ActiveCfg = Release|Any CPU
		{AD805399-F760-4397-A029-5470371A0ED7}.Release|iPhone.Build.0 = Release|Any CPU
		{AD805399-F760-4397-A029-5470371A0ED7}.Release|iPhoneSimulator.ActiveCfg = Release|Any CPU
		{AD805399-F760-4397-A029-5470371A0ED7}.Release|iPhoneSimulator.Build.0 = Release|Any CPU
	EndGlobalSection
	GlobalSection(SolutionProperties) = preSolution
		HideSolutionNode = FALSE
	EndGlobalSection
EndGlobal
